
Microsoft Visual Studio Solution File, Format Version 12.00
# Visual Studio Version 17
VisualStudioVersion = 17.5.002.0
MinimumVisualStudioVersion = 10.0.40219.1
Project("{9A19103F-16F7-4668-BE54-9A1E7A4F7556}") = "Microservices.Tutorial.Event.Store.Example", "Microservices.Tutorial.Event.Store.Example\Microservices.Tutorial.Event.Store.Example.csproj", "{159F6BA0-CD65-4A98-9765-A480B9B75D7E}"
EndProject
Global
	GlobalSection(SolutionConfigurationPlatforms) = preSolution
		Debug|Any CPU = Debug|Any CPU
		Release|Any CPU = Release|Any CPU
	EndGlobalSection
	GlobalSection(ProjectConfigurationPlatforms) = postSolution
		{159F6BA0-CD65-4A98-9765-A480B9B75D7E}.Debug|Any CPU.ActiveCfg = Debug|Any CPU
		{159F6BA0-CD65-4A98-9765-A480B9B75D7E}.Debug|Any CPU.Build.0 = Debug|Any CPU
		{159F6BA0-CD65-4A98-9765-A480B9B75D7E}.Release|Any CPU.ActiveCfg = Release|Any CPU
		{159F6BA0-CD65-4A98-9765-A480B9B75D7E}.Release|Any CPU.Build.0 = Release|Any CPU
	EndGlobalSection
	GlobalSection(SolutionProperties) = preSolution
		HideSolutionNode = FALSE
	EndGlobalSection
	GlobalSection(ExtensibilityGlobals) = postSolution
		SolutionGuid = {42228443-2783-4915-8042-82A224830892}
	EndGlobalSection
EndGlobal
