
Microsoft Visual Studio Solution File, Format Version 12.00
# Visual Studio Version 17
VisualStudioVersion = 17.5.002.0
MinimumVisualStudioVersion = 10.0.40219.1
Project("{9A19103F-16F7-4668-BE54-9A1E7A4F7556}") = "API_Gateway", "API_Gateway\API_Gateway.csproj", "{70C8F504-7F04-4FE2-854E-F9C3CFA45D10}"
EndProject
Project("{2150E333-8FDC-42A3-9474-1A3956D46DE8}") = "Resources", "Resources", "{59272BCD-4E49-4C04-9B34-09766AD098C4}"
EndProject
Project("{9A19103F-16F7-4668-BE54-9A1E7A4F7556}") = "API1", "Resources\API1\API1.csproj", "{D61E5EE7-DFDF-4C97-9868-E6A83FEBD82E}"
EndProject
Project("{9A19103F-16F7-4668-BE54-9A1E7A4F7556}") = "API2", "Resources\API2\API2.csproj", "{7C0B5467-9F6A-42B7-9C1A-4D7D24B9D56A}"
EndProject
Project("{9A19103F-16F7-4668-BE54-9A1E7A4F7556}") = "API3", "Resources\API3\API3.csproj", "{5EEABFEB-0EC1-42E3-95B8-5F3EB98B5D31}"
EndProject
Global
	GlobalSection(SolutionConfigurationPlatforms) = preSolution
		Debug|Any CPU = Debug|Any CPU
		Release|Any CPU = Release|Any CPU
	EndGlobalSection
	GlobalSection(ProjectConfigurationPlatforms) = postSolution
		{70C8F504-7F04-4FE2-854E-F9C3CFA45D10}.Debug|Any CPU.ActiveCfg = Debug|Any CPU
		{70C8F504-7F04-4FE2-854E-F9C3CFA45D10}.Debug|Any CPU.Build.0 = Debug|Any CPU
		{70C8F504-7F04-4FE2-854E-F9C3CFA45D10}.Release|Any CPU.ActiveCfg = Release|Any CPU
		{70C8F504-7F04-4FE2-854E-F9C3CFA45D10}.Release|Any CPU.Build.0 = Release|Any CPU
		{D61E5EE7-DFDF-4C97-9868-E6A83FEBD82E}.Debug|Any CPU.ActiveCfg = Debug|Any CPU
		{D61E5EE7-DFDF-4C97-9868-E6A83FEBD82E}.Debug|Any CPU.Build.0 = Debug|Any CPU
		{D61E5EE7-DFDF-4C97-9868-E6A83FEBD82E}.Release|Any CPU.ActiveCfg = Release|Any CPU
		{D61E5EE7-DFDF-4C97-9868-E6A83FEBD82E}.Release|Any CPU.Build.0 = Release|Any CPU
		{7C0B5467-9F6A-42B7-9C1A-4D7D24B9D56A}.Debug|Any CPU.ActiveCfg = Debug|Any CPU
		{7C0B5467-9F6A-42B7-9C1A-4D7D24B9D56A}.Debug|Any CPU.Build.0 = Debug|Any CPU
		{7C0B5467-9F6A-42B7-9C1A-4D7D24B9D56A}.Release|Any CPU.ActiveCfg = Release|Any CPU
		{7C0B5467-9F6A-42B7-9C1A-4D7D24B9D56A}.Release|Any CPU.Build.0 = Release|Any CPU
		{5EEABFEB-0EC1-42E3-95B8-5F3EB98B5D31}.Debug|Any CPU.ActiveCfg = Debug|Any CPU
		{5EEABFEB-0EC1-42E3-95B8-5F3EB98B5D31}.Debug|Any CPU.Build.0 = Debug|Any CPU
		{5EEABFEB-0EC1-42E3-95B8-5F3EB98B5D31}.Release|Any CPU.ActiveCfg = Release|Any CPU
		{5EEABFEB-0EC1-42E3-95B8-5F3EB98B5D31}.Release|Any CPU.Build.0 = Release|Any CPU
	EndGlobalSection
	GlobalSection(SolutionProperties) = preSolution
		HideSolutionNode = FALSE
	EndGlobalSection
	GlobalSection(NestedProjects) = preSolution
		{D61E5EE7-DFDF-4C97-9868-E6A83FEBD82E} = {59272BCD-4E49-4C04-9B34-09766AD098C4}
		{7C0B5467-9F6A-42B7-9C1A-4D7D24B9D56A} = {59272BCD-4E49-4C04-9B34-09766AD098C4}
		{5EEABFEB-0EC1-42E3-95B8-5F3EB98B5D31} = {59272BCD-4E49-4C04-9B34-09766AD098C4}
	EndGlobalSection
	GlobalSection(ExtensibilityGlobals) = postSolution
		SolutionGuid = {7244B63B-3DD2-4270-991E-903B67607182}
	EndGlobalSection
EndGlobal
