
Microsoft Visual Studio Solution File, Format Version 12.00
# Visual Studio Version 17
VisualStudioVersion = 17.12.35527.113 d17.12
MinimumVisualStudioVersion = 10.0.40219.1
Project("{FAE04EC0-301F-11D3-BF4B-00C04F79EFBC}") = "Shared", "Shared\Shared.csproj", "{837C4136-D755-4A95-B82A-443342F356FC}"
EndProject
Project("{FAE04EC0-301F-11D3-BF4B-00C04F79EFBC}") = "Stock.API", "Stock.API\Stock.API.csproj", "{501F5A06-128C-4B6E-A6E3-A58B4916AC4B}"
EndProject
Project("{FAE04EC0-301F-11D3-BF4B-00C04F79EFBC}") = "Order.API", "Order.API\Order.API.csproj", "{13C459F3-1BD8-460D-A4D4-2AB8A4593543}"
EndProject
Project("{FAE04EC0-301F-11D3-BF4B-00C04F79EFBC}") = "Payment.API", "Payment.API\Payment.API.csproj", "{427F32F4-E7B5-4291-9DA5-15937BF2F69B}"
EndProject
Global
	GlobalSection(SolutionConfigurationPlatforms) = preSolution
		Debug|Any CPU = Debug|Any CPU
		Release|Any CPU = Release|Any CPU
	EndGlobalSection
	GlobalSection(ProjectConfigurationPlatforms) = postSolution
		{837C4136-D755-4A95-B82A-443342F356FC}.Debug|Any CPU.ActiveCfg = Debug|Any CPU
		{837C4136-D755-4A95-B82A-443342F356FC}.Debug|Any CPU.Build.0 = Debug|Any CPU
		{837C4136-D755-4A95-B82A-443342F356FC}.Release|Any CPU.ActiveCfg = Release|Any CPU
		{837C4136-D755-4A95-B82A-443342F356FC}.Release|Any CPU.Build.0 = Release|Any CPU
		{501F5A06-128C-4B6E-A6E3-A58B4916AC4B}.Debug|Any CPU.ActiveCfg = Debug|Any CPU
		{501F5A06-128C-4B6E-A6E3-A58B4916AC4B}.Debug|Any CPU.Build.0 = Debug|Any CPU
		{501F5A06-128C-4B6E-A6E3-A58B4916AC4B}.Release|Any CPU.ActiveCfg = Release|Any CPU
		{501F5A06-128C-4B6E-A6E3-A58B4916AC4B}.Release|Any CPU.Build.0 = Release|Any CPU
		{13C459F3-1BD8-460D-A4D4-2AB8A4593543}.Debug|Any CPU.ActiveCfg = Debug|Any CPU
		{13C459F3-1BD8-460D-A4D4-2AB8A4593543}.Debug|Any CPU.Build.0 = Debug|Any CPU
		{13C459F3-1BD8-460D-A4D4-2AB8A4593543}.Release|Any CPU.ActiveCfg = Release|Any CPU
		{13C459F3-1BD8-460D-A4D4-2AB8A4593543}.Release|Any CPU.Build.0 = Release|Any CPU
		{427F32F4-E7B5-4291-9DA5-15937BF2F69B}.Debug|Any CPU.ActiveCfg = Debug|Any CPU
		{427F32F4-E7B5-4291-9DA5-15937BF2F69B}.Debug|Any CPU.Build.0 = Debug|Any CPU
		{427F32F4-E7B5-4291-9DA5-15937BF2F69B}.Release|Any CPU.ActiveCfg = Release|Any CPU
		{427F32F4-E7B5-4291-9DA5-15937BF2F69B}.Release|Any CPU.Build.0 = Release|Any CPU
	EndGlobalSection
	GlobalSection(SolutionProperties) = preSolution
		HideSolutionNode = FALSE
	EndGlobalSection
EndGlobal
